// !$*UTF8*$!
{
	archiveVersion = 1;
	classes = {
	};
	objectVersion = 50;
	objects = {

/* Begin PBXBuildFile section */
		9614908022B741D300CCF261 /* 6.jpg in Resources */ = {isa = PBXBuildFile; fileRef = 9614907F22B741D300CCF261 /* 6.jpg */; };
		966F3508226D99F7009A2DE0 /* libsqlite3.tbd in Frameworks */ = {isa = PBXBuildFile; fileRef = 966F3507226D99F7009A2DE0 /* libsqlite3.tbd */; };
		96BADBEF2182F74E00BDEFE1 /* AppDelegate.m in Sources */ = {isa = PBXBuildFile; fileRef = 96BADBEE2182F74E00BDEFE1 /* AppDelegate.m */; };
		96BADBF22182F74E00BDEFE1 /* ViewController.m in Sources */ = {isa = PBXBuildFile; fileRef = 96BADBF12182F74E00BDEFE1 /* ViewController.m */; };
		96BADBF52182F74E00BDEFE1 /* Main.storyboard in Resources */ = {isa = PBXBuildFile; fileRef = 96BADBF32182F74E00BDEFE1 /* Main.storyboard */; };
		96BADBF72182F74F00BDEFE1 /* Assets.xcassets in Resources */ = {isa = PBXBuildFile; fileRef = 96BADBF62182F74F00BDEFE1 /* Assets.xcassets */; };
		96BADBFA2182F74F00BDEFE1 /* LaunchScreen.storyboard in Resources */ = {isa = PBXBuildFile; fileRef = 96BADBF82182F74F00BDEFE1 /* LaunchScreen.storyboard */; };
		96BADBFD2182F74F00BDEFE1 /* main.m in Sources */ = {isa = PBXBuildFile; fileRef = 96BADBFC2182F74F00BDEFE1 /* main.m */; };
		96BBDF202264183C007C3383 /* TFViewController.m in Sources */ = {isa = PBXBuildFile; fileRef = 96BBDF1F2264183C007C3383 /* TFViewController.m */; };
		96BBDF2222641A66007C3383 /* CoreML.framework in Frameworks */ = {isa = PBXBuildFile; fileRef = 96BBDF2122641A66007C3383 /* CoreML.framework */; };
		96BBDF2422642240007C3383 /* Vision.framework in Frameworks */ = {isa = PBXBuildFile; fileRef = 96BBDF2322642240007C3383 /* Vision.framework */; };
		96BBDF282265685B007C3383 /* 6_66.txt in Resources */ = {isa = PBXBuildFile; fileRef = 96BBDF272265685B007C3383 /* 6_66.txt */; };
		96BBDF2A226586FA007C3383 /* HWModel.mlmodel in Sources */ = {isa = PBXBuildFile; fileRef = 96BBDF29226586FA007C3383 /* HWModel.mlmodel */; };
		96FFFACC218305B60038B0A8 /* WebKit.framework in Frameworks */ = {isa = PBXBuildFile; fileRef = 96FFFACB218305B60038B0A8 /* WebKit.framework */; };
/* End PBXBuildFile section */

/* Begin PBXFileReference section */
		9614907F22B741D300CCF261 /* 6.jpg */ = {isa = PBXFileReference; lastKnownFileType = image.jpeg; path = 6.jpg; sourceTree = "<group>"; };
		966F3507226D99F7009A2DE0 /* libsqlite3.tbd */ = {isa = PBXFileReference; lastKnownFileType = "sourcecode.text-based-dylib-definition"; name = libsqlite3.tbd; path = usr/lib/libsqlite3.tbd; sourceTree = SDKROOT; };
		96BADBEA2182F74E00BDEFE1 /* test.app */ = {isa = PBXFileReference; explicitFileType = wrapper.application; includeInIndex = 0; path = test.app; sourceTree = BUILT_PRODUCTS_DIR; };
		96BADBED2182F74E00BDEFE1 /* AppDelegate.h */ = {isa = PBXFileReference; lastKnownFileType = sourcecode.c.h; path = AppDelegate.h; sourceTree = "<group>"; };
		96BADBEE2182F74E00BDEFE1 /* AppDelegate.m */ = {isa = PBXFileReference; lastKnownFileType = sourcecode.c.objc; path = AppDelegate.m; sourceTree = "<group>"; };
		96BADBF02182F74E00BDEFE1 /* ViewController.h */ = {isa = PBXFileReference; lastKnownFileType = sourcecode.c.h; path = ViewController.h; sourceTree = "<group>"; };
		96BADBF12182F74E00BDEFE1 /* ViewController.m */ = {isa = PBXFileReference; lastKnownFileType = sourcecode.c.objc; path = ViewController.m; sourceTree = "<group>"; };
		96BADBF42182F74E00BDEFE1 /* Base */ = {isa = PBXFileReference; lastKnownFileType = file.storyboard; name = Base; path = Base.lproj/Main.storyboard; sourceTree = "<group>"; };
		96BADBF62182F74F00BDEFE1 /* Assets.xcassets */ = {isa = PBXFileReference; lastKnownFileType = folder.assetcatalog; path = Assets.xcassets; sourceTree = "<group>"; };
		96BADBF92182F74F00BDEFE1 /* Base */ = {isa = PBXFileReference; lastKnownFileType = file.storyboard; name = Base; path = Base.lproj/LaunchScreen.storyboard; sourceTree = "<group>"; };
		96BADBFB2182F74F00BDEFE1 /* Info.plist */ = {isa = PBXFileReference; lastKnownFileType = text.plist.xml; path = Info.plist; sourceTree = "<group>"; };
		96BADBFC2182F74F00BDEFE1 /* main.m */ = {isa = PBXFileReference; lastKnownFileType = sourcecode.c.objc; path = main.m; sourceTree = "<group>"; };
		96BBDF1E2264183C007C3383 /* TFViewController.h */ = {isa = PBXFileReference; lastKnownFileType = sourcecode.c.h; path = TFViewController.h; sourceTree = "<group>"; };
		96BBDF1F2264183C007C3383 /* TFViewController.m */ = {isa = PBXFileReference; lastKnownFileType = sourcecode.c.objc; path = TFViewController.m; sourceTree = "<group>"; };
		96BBDF2122641A66007C3383 /* CoreML.framework */ = {isa = PBXFileReference; lastKnownFileType = wrapper.framework; name = CoreML.framework; path = System/Library/Frameworks/CoreML.framework; sourceTree = SDKROOT; };
		96BBDF2322642240007C3383 /* Vision.framework */ = {isa = PBXFileReference; lastKnownFileType = wrapper.framework; name = Vision.framework; path = System/Library/Frameworks/Vision.framework; sourceTree = SDKROOT; };
		96BBDF272265685B007C3383 /* 6_66.txt */ = {isa = PBXFileReference; fileEncoding = 4; lastKnownFileType = text; path = 6_66.txt; sourceTree = "<group>"; };
		96BBDF29226586FA007C3383 /* HWModel.mlmodel */ = {isa = PBXFileReference; lastKnownFileType = file.mlmodel; path = HWModel.mlmodel; sourceTree = "<group>"; };
		96FFFACB218305B60038B0A8 /* WebKit.framework */ = {isa = PBXFileReference; lastKnownFileType = wrapper.framework; name = WebKit.framework; path = System/Library/Frameworks/WebKit.framework; sourceTree = SDKROOT; };
/* End PBXFileReference section */

/* Begin PBXFrameworksBuildPhase section */
		96BADBE72182F74E00BDEFE1 /* Frameworks */ = {
			isa = PBXFrameworksBuildPhase;
			buildActionMask = 2147483647;
			files = (
				966F3508226D99F7009A2DE0 /* libsqlite3.tbd in Frameworks */,
				96BBDF2422642240007C3383 /* Vision.framework in Frameworks */,
				96BBDF2222641A66007C3383 /* CoreML.framework in Frameworks */,
				96FFFACC218305B60038B0A8 /* WebKit.framework in Frameworks */,
			);
			runOnlyForDeploymentPostprocessing = 0;
		};
/* End PBXFrameworksBuildPhase section */

/* Begin PBXGroup section */
		96BADBE12182F74E00BDEFE1 = {
			isa = PBXGroup;
			children = (
				96BADBEC2182F74E00BDEFE1 /* test */,
				96BADBEB2182F74E00BDEFE1 /* Products */,
				96FFFACA218305B60038B0A8 /* Frameworks */,
			);
			sourceTree = "<group>";
		};
		96BADBEB2182F74E00BDEFE1 /* Products */ = {
			isa = PBXGroup;
			children = (
				96BADBEA2182F74E00BDEFE1 /* test.app */,
			);
			name = Products;
			sourceTree = "<group>";
		};
		96BADBEC2182F74E00BDEFE1 /* test */ = {
			isa = PBXGroup;
			children = (
				96BBDF29226586FA007C3383 /* HWModel.mlmodel */,
				9614907F22B741D300CCF261 /* 6.jpg */,
				96BBDF272265685B007C3383 /* 6_66.txt */,
				96BADBED2182F74E00BDEFE1 /* AppDelegate.h */,
				96BADBEE2182F74E00BDEFE1 /* AppDelegate.m */,
				96BADBF02182F74E00BDEFE1 /* ViewController.h */,
				96BADBF12182F74E00BDEFE1 /* ViewController.m */,
				96BADBF32182F74E00BDEFE1 /* Main.storyboard */,
				96BADBF62182F74F00BDEFE1 /* Assets.xcassets */,
				96BADBF82182F74F00BDEFE1 /* LaunchScreen.storyboard */,
				96BADBFB2182F74F00BDEFE1 /* Info.plist */,
				96BADBFC2182F74F00BDEFE1 /* main.m */,
				96BBDF1E2264183C007C3383 /* TFViewController.h */,
				96BBDF1F2264183C007C3383 /* TFViewController.m */,
			);
			path = test;
			sourceTree = "<group>";
		};
		96FFFACA218305B60038B0A8 /* Frameworks */ = {
			isa = PBXGroup;
			children = (
				966F3507226D99F7009A2DE0 /* libsqlite3.tbd */,
				96BBDF2322642240007C3383 /* Vision.framework */,
				96BBDF2122641A66007C3383 /* CoreML.framework */,
				96FFFACB218305B60038B0A8 /* WebKit.framework */,
			);
			name = Frameworks;
			sourceTree = "<group>";
		};
/* End PBXGroup section */

/* Begin PBXNativeTarget section */
		96BADBE92182F74E00BDEFE1 /* test */ = {
			isa = PBXNativeTarget;
			buildConfigurationList = 96BADC002182F74F00BDEFE1 /* Build configuration list for PBXNativeTarget "test" */;
			buildPhases = (
				96BADBE62182F74E00BDEFE1 /* Sources */,
				96BADBE72182F74E00BDEFE1 /* Frameworks */,
				96BADBE82182F74E00BDEFE1 /* Resources */,
			);
			buildRules = (
			);
			dependencies = (
			);
			name = test;
			productName = test;
			productReference = 96BADBEA2182F74E00BDEFE1 /* test.app */;
			productType = "com.apple.product-type.application";
		};
/* End PBXNativeTarget section */

/* Begin PBXProject section */
		96BADBE22182F74E00BDEFE1 /* Project object */ = {
			isa = PBXProject;
			attributes = {
				LastUpgradeCheck = 1000;
				ORGANIZATIONNAME = work;
				TargetAttributes = {
					96BADBE92182F74E00BDEFE1 = {
						CreatedOnToolsVersion = 10.0;
					};
				};
			};
			buildConfigurationList = 96BADBE52182F74E00BDEFE1 /* Build configuration list for PBXProject "test" */;
			compatibilityVersion = "Xcode 9.3";
			developmentRegion = en;
			hasScannedForEncodings = 0;
			knownRegions = (
				en,
				Base,
			);
			mainGroup = 96BADBE12182F74E00BDEFE1;
			productRefGroup = 96BADBEB2182F74E00BDEFE1 /* Products */;
			projectDirPath = "";
			projectRoot = "";
			targets = (
				96BADBE92182F74E00BDEFE1 /* test */,
			);
		};
/* End PBXProject section */

/* Begin PBXResourcesBuildPhase section */
		96BADBE82182F74E00BDEFE1 /* Resources */ = {
			isa = PBXResourcesBuildPhase;
			buildActionMask = 2147483647;
			files = (
				96BBDF282265685B007C3383 /* 6_66.txt in Resources */,
				96BADBFA2182F74F00BDEFE1 /* LaunchScreen.storyboard in Resources */,
				96BADBF72182F74F00BDEFE1 /* Assets.xcassets in Resources */,
				96BADBF52182F74E00BDEFE1 /* Main.storyboard in Resources */,
				9614908022B741D300CCF261 /* 6.jpg in Resources */,
			);
			runOnlyForDeploymentPostprocessing = 0;
		};
/* End PBXResourcesBuildPhase section */

/* Begin PBXSourcesBuildPhase section */
		96BADBE62182F74E00BDEFE1 /* Sources */ = {
			isa = PBXSourcesBuildPhase;
			buildActionMask = 2147483647;
			files = (
				96BADBF22182F74E00BDEFE1 /* ViewController.m in Sources */,
				96BADBFD2182F74F00BDEFE1 /* main.m in Sources */,
				96BBDF202264183C007C3383 /* TFViewController.m in Sources */,
				96BADBEF2182F74E00BDEFE1 /* AppDelegate.m in Sources */,
				96BBDF2A226586FA007C3383 /* HWModel.mlmodel in Sources */,
			);
			runOnlyForDeploymentPostprocessing = 0;
		};
/* End PBXSourcesBuildPhase section */

/* Begin PBXVariantGroup section */
		96BADBF32182F74E00BDEFE1 /* Main.storyboard */ = {
			isa = PBXVariantGroup;
			children = (
				96BADBF42182F74E00BDEFE1 /* Base */,
			);
			name = Main.storyboard;
			sourceTree = "<group>";
		};
		96BADBF82182F74F00BDEFE1 /* LaunchScreen.storyboard */ = {
			isa = PBXVariantGroup;
			children = (
				96BADBF92182F74F00BDEFE1 /* Base */,
			);
			name = LaunchScreen.storyboard;
			sourceTree = "<group>";
		};
/* End PBXVariantGroup section */

/* Begin XCBuildConfiguration section */
		96BADBFE2182F74F00BDEFE1 /* Debug */ = {
			isa = XCBuildConfiguration;
			buildSettings = {
				ALWAYS_SEARCH_USER_PATHS = NO;
				CLANG_ANALYZER_NONNULL = YES;
				CLANG_ANALYZER_NUMBER_OBJECT_CONVERSION = YES_AGGRESSIVE;
				CLANG_CXX_LANGUAGE_STANDARD = "gnu++14";
				CLANG_CXX_LIBRARY = "libc++";
				CLANG_ENABLE_MODULES = YES;
				CLANG_ENABLE_OBJC_ARC = YES;
				CLANG_ENABLE_OBJC_WEAK = YES;
				CLANG_WARN_BLOCK_CAPTURE_AUTORELEASING = YES;
				CLANG_WARN_BOOL_CONVERSION = YES;
				CLANG_WARN_COMMA = YES;
				CLANG_WARN_CONSTANT_CONVERSION = YES;
				CLANG_WARN_DEPRECATED_OBJC_IMPLEMENTATIONS = YES;
				CLANG_WARN_DIRECT_OBJC_ISA_USAGE = YES_ERROR;
				CLANG_WARN_DOCUMENTATION_COMMENTS = YES;
				CLANG_WARN_EMPTY_BODY = YES;
				CLANG_WARN_ENUM_CONVERSION = YES;
				CLANG_WARN_INFINITE_RECURSION = YES;
				CLANG_WARN_INT_CONVERSION = YES;
				CLANG_WARN_NON_LITERAL_NULL_CONVERSION = YES;
				CLANG_WARN_OBJC_IMPLICIT_RETAIN_SELF = YES;
				CLANG_WARN_OBJC_LITERAL_CONVERSION = YES;
				CLANG_WARN_OBJC_ROOT_CLASS = YES_ERROR;
				CLANG_WARN_RANGE_LOOP_ANALYSIS = YES;
				CLANG_WARN_STRICT_PROTOTYPES = YES;
				CLANG_WARN_SUSPICIOUS_MOVE = YES;
				CLANG_WARN_UNGUARDED_AVAILABILITY = YES_AGGRESSIVE;
				CLANG_WARN_UNREACHABLE_CODE = YES;
				CLANG_WARN__DUPLICATE_METHOD_MATCH = YES;
				CODE_SIGN_IDENTITY = "iPhone Developer";
				COPY_PHASE_STRIP = NO;
				DEBUG_INFORMATION_FORMAT = dwarf;
				ENABLE_STRICT_OBJC_MSGSEND = YES;
				ENABLE_TESTABILITY = YES;
				GCC_C_LANGUAGE_STANDARD = gnu11;
				GCC_DYNAMIC_NO_PIC = NO;
				GCC_NO_COMMON_BLOCKS = YES;
				GCC_OPTIMIZATION_LEVEL = 0;
				GCC_PREPROCESSOR_DEFINITIONS = (
					"DEBUG=1",
					"$(inherited)",
				);
				GCC_WARN_64_TO_32_BIT_CONVERSION = YES;
				GCC_WARN_ABOUT_RETURN_TYPE = YES_ERROR;
				GCC_WARN_UNDECLARED_SELECTOR = YES;
				GCC_WARN_UNINITIALIZED_AUTOS = YES_AGGRESSIVE;
				GCC_WARN_UNUSED_FUNCTION = YES;
				GCC_WARN_UNUSED_VARIABLE = YES;
				IPHONEOS_DEPLOYMENT_TARGET = 11.0;
				MTL_ENABLE_DEBUG_INFO = INCLUDE_SOURCE;
				MTL_FAST_MATH = YES;
				ONLY_ACTIVE_ARCH = YES;
				SDKROOT = iphoneos;
			};
			name = Debug;
		};
		96BADBFF2182F74F00BDEFE1 /* Release */ = {
			isa = XCBuildConfiguration;
			buildSettings = {
				ALWAYS_SEARCH_USER_PATHS = NO;
				CLANG_ANALYZER_NONNULL = YES;
				CLANG_ANALYZER_NUMBER_OBJECT_CONVERSION = YES_AGGRESSIVE;
				CLANG_CXX_LANGUAGE_STANDARD = "gnu++14";
				CLANG_CXX_LIBRARY = "libc++";
				CLANG_ENABLE_MODULES = YES;
				CLANG_ENABLE_OBJC_ARC = YES;
				CLANG_ENABLE_OBJC_WEAK = YES;
				CLANG_WARN_BLOCK_CAPTURE_AUTORELEASING = YES;
				CLANG_WARN_BOOL_CONVERSION = YES;
				CLANG_WARN_COMMA = YES;
				CLANG_WARN_CONSTANT_CONVERSION = YES;
				CLANG_WARN_DEPRECATED_OBJC_IMPLEMENTATIONS = YES;
				CLANG_WARN_DIRECT_OBJC_ISA_USAGE = YES_ERROR;
				CLANG_WARN_DOCUMENTATION_COMMENTS = YES;
				CLANG_WARN_EMPTY_BODY = YES;
				CLANG_WARN_ENUM_CONVERSION = YES;
				CLANG_WARN_INFINITE_RECURSION = YES;
				CLANG_WARN_INT_CONVERSION = YES;
				CLANG_WARN_NON_LITERAL_NULL_CONVERSION = YES;
				CLANG_WARN_OBJC_IMPLICIT_RETAIN_SELF = YES;
				CLANG_WARN_OBJC_LITERAL_CONVERSION = YES;
				CLANG_WARN_OBJC_ROOT_CLASS = YES_ERROR;
				CLANG_WARN_RANGE_LOOP_ANALYSIS = YES;
				CLANG_WARN_STRICT_PROTOTYPES = YES;
				CLANG_WARN_SUSPICIOUS_MOVE = YES;
				CLANG_WARN_UNGUARDED_AVAILABILITY = YES_AGGRESSIVE;
				CLANG_WARN_UNREACHABLE_CODE = YES;
				CLANG_WARN__DUPLICATE_METHOD_MATCH = YES;
				CODE_SIGN_IDENTITY = "iPhone Developer";
				COPY_PHASE_STRIP = NO;
				DEBUG_INFORMATION_FORMAT = "dwarf-with-dsym";
				ENABLE_NS_ASSERTIONS = NO;
				ENABLE_STRICT_OBJC_MSGSEND = YES;
				GCC_C_LANGUAGE_STANDARD = gnu11;
				GCC_NO_COMMON_BLOCKS = YES;
				GCC_WARN_64_TO_32_BIT_CONVERSION = YES;
				GCC_WARN_ABOUT_RETURN_TYPE = YES_ERROR;
				GCC_WARN_UNDECLARED_SELECTOR = YES;
				GCC_WARN_UNINITIALIZED_AUTOS = YES_AGGRESSIVE;
				GCC_WARN_UNUSED_FUNCTION = YES;
				GCC_WARN_UNUSED_VARIABLE = YES;
				IPHONEOS_DEPLOYMENT_TARGET = 11.0;
				MTL_ENABLE_DEBUG_INFO = NO;
				MTL_FAST_MATH = YES;
				SDKROOT = iphoneos;
				VALIDATE_PRODUCT = YES;
			};
			name = Release;
		};
		96BADC012182F74F00BDEFE1 /* Debug */ = {
			isa = XCBuildConfiguration;
			buildSettings = {
				ASSETCATALOG_COMPILER_APPICON_NAME = AppIcon;
				CODE_SIGN_STYLE = Automatic;
				DEVELOPMENT_TEAM = 6YKQ6CW9F3;
				INFOPLIST_FILE = test/Info.plist;
				IPHONEOS_DEPLOYMENT_TARGET = 11.0;
				LD_RUNPATH_SEARCH_PATHS = (
					"$(inherited)",
					"@executable_path/Frameworks",
				);
				ONLY_ACTIVE_ARCH = YES;
				PRODUCT_BUNDLE_IDENTIFIER = com.gct.test;
				PRODUCT_NAME = "$(TARGET_NAME)";
				TARGETED_DEVICE_FAMILY = "1,2";
			};
			name = Debug;
		};
		96BADC022182F74F00BDEFE1 /* Release */ = {
			isa = XCBuildConfiguration;
			buildSettings = {
				ASSETCATALOG_COMPILER_APPICON_NAME = AppIcon;
				CODE_SIGN_STYLE = Automatic;
				DEVELOPMENT_TEAM = 6YKQ6CW9F3;
				INFOPLIST_FILE = test/Info.plist;
				IPHONEOS_DEPLOYMENT_TARGET = 11.0;
				LD_RUNPATH_SEARCH_PATHS = (
					"$(inherited)",
					"@executable_path/Frameworks",
				);
				ONLY_ACTIVE_ARCH = YES;
				PRODUCT_BUNDLE_IDENTIFIER = com.gct.test;
				PRODUCT_NAME = "$(TARGET_NAME)";
				TARGETED_DEVICE_FAMILY = "1,2";
			};
			name = Release;
		};
/* End XCBuildConfiguration section */

/* Begin XCConfigurationList section */
		96BADBE52182F74E00BDEFE1 /* Build configuration list for PBXProject "test" */ = {
			isa = XCConfigurationList;
			buildConfigurations = (
				96BADBFE2182F74F00BDEFE1 /* Debug */,
				96BADBFF2182F74F00BDEFE1 /* Release */,
			);
			defaultConfigurationIsVisible = 0;
			defaultConfigurationName = Release;
		};
		96BADC002182F74F00BDEFE1 /* Build configuration list for PBXNativeTarget "test" */ = {
			isa = XCConfigurationList;
			buildConfigurations = (
				96BADC012182F74F00BDEFE1 /* Debug */,
				96BADC022182F74F00BDEFE1 /* Release */,
			);
			defaultConfigurationIsVisible = 0;
			defaultConfigurationName = Release;
		};
/* End XCConfigurationList section */
	};
	rootObject = 96BADBE22182F74E00BDEFE1 /* Project object */;
}
